
Microsoft Visual Studio Solution File, Format Version 12.00
# Visual Studio 2012
Project("{2150E333-8FDC-42A3-9474-1A3956D46DE8}") = "Solution Items", "Solution Items", "{75BB53F8-F77E-4E33-A943-F5ABE2DD4354}"
	ProjectSection(SolutionItems) = preProject
		LocalTestRun.testrunconfig = LocalTestRun.testrunconfig
		Routeur.vsmdi = Routeur.vsmdi
	EndProjectSection
EndProject
Project("{F184B08F-C81C-45F6-A57F-5ABD9991F28F}") = "Routeur", "Routeur\Routeur.vbproj", "{62657548-FF1D-47C8-A56A-0CC1F88F79EB}"
EndProject
Project("{F184B08F-C81C-45F6-A57F-5ABD9991F28F}") = "TestWriteableBitmapEx", "TestWriteableBitmapEx\TestWriteableBitmapEx.vbproj", "{661470E0-6BFE-4293-A056-D195C8EC4A3D}"
EndProject
Global
	GlobalSection(TestCaseManagementSettings) = postSolution
		CategoryFile = Routeur.vsmdi
	EndGlobalSection
	GlobalSection(SolutionConfigurationPlatforms) = preSolution
		Debug|Any CPU = Debug|Any CPU
		Debug|Mixed Platforms = Debug|Mixed Platforms
		Debug|Win32 = Debug|Win32
		Debug|x64 = Debug|x64
		Debug|x86 = Debug|x86
		Release|Any CPU = Release|Any CPU
		Release|Mixed Platforms = Release|Mixed Platforms
		Release|Win32 = Release|Win32
		Release|x64 = Release|x64
		Release|x86 = Release|x86
	EndGlobalSection
	GlobalSection(ProjectConfigurationPlatforms) = postSolution
		{62657548-FF1D-47C8-A56A-0CC1F88F79EB}.Debug|Any CPU.ActiveCfg = Debug|Any CPU
		{62657548-FF1D-47C8-A56A-0CC1F88F79EB}.Debug|Any CPU.Build.0 = Debug|Any CPU
		{62657548-FF1D-47C8-A56A-0CC1F88F79EB}.Debug|Mixed Platforms.ActiveCfg = Debug|x86
		{62657548-FF1D-47C8-A56A-0CC1F88F79EB}.Debug|Mixed Platforms.Build.0 = Debug|x86
		{62657548-FF1D-47C8-A56A-0CC1F88F79EB}.Debug|Win32.ActiveCfg = Debug|x86
		{62657548-FF1D-47C8-A56A-0CC1F88F79EB}.Debug|x64.ActiveCfg = Debug|x64
		{62657548-FF1D-47C8-A56A-0CC1F88F79EB}.Debug|x64.Build.0 = Debug|x64
		{62657548-FF1D-47C8-A56A-0CC1F88F79EB}.Debug|x86.ActiveCfg = Debug|x86
		{62657548-FF1D-47C8-A56A-0CC1F88F79EB}.Debug|x86.Build.0 = Debug|x86
		{62657548-FF1D-47C8-A56A-0CC1F88F79EB}.Release|Any CPU.ActiveCfg = Release|Any CPU
		{62657548-FF1D-47C8-A56A-0CC1F88F79EB}.Release|Any CPU.Build.0 = Release|Any CPU
		{62657548-FF1D-47C8-A56A-0CC1F88F79EB}.Release|Mixed Platforms.ActiveCfg = Release|x86
		{62657548-FF1D-47C8-A56A-0CC1F88F79EB}.Release|Mixed Platforms.Build.0 = Release|x86
		{62657548-FF1D-47C8-A56A-0CC1F88F79EB}.Release|Win32.ActiveCfg = Release|x86
		{62657548-FF1D-47C8-A56A-0CC1F88F79EB}.Release|x64.ActiveCfg = Release|x86
		{62657548-FF1D-47C8-A56A-0CC1F88F79EB}.Release|x64.Build.0 = Release|x86
		{62657548-FF1D-47C8-A56A-0CC1F88F79EB}.Release|x86.ActiveCfg = Release|x86
		{62657548-FF1D-47C8-A56A-0CC1F88F79EB}.Release|x86.Build.0 = Release|x86
		{661470E0-6BFE-4293-A056-D195C8EC4A3D}.Debug|Any CPU.ActiveCfg = Debug|Any CPU
		{661470E0-6BFE-4293-A056-D195C8EC4A3D}.Debug|Any CPU.Build.0 = Debug|Any CPU
		{661470E0-6BFE-4293-A056-D195C8EC4A3D}.Debug|Mixed Platforms.ActiveCfg = Debug|Any CPU
		{661470E0-6BFE-4293-A056-D195C8EC4A3D}.Debug|Mixed Platforms.Build.0 = Debug|Any CPU
		{661470E0-6BFE-4293-A056-D195C8EC4A3D}.Debug|Win32.ActiveCfg = Debug|Any CPU
		{661470E0-6BFE-4293-A056-D195C8EC4A3D}.Debug|x64.ActiveCfg = Debug|Any CPU
		{661470E0-6BFE-4293-A056-D195C8EC4A3D}.Debug|x86.ActiveCfg = Debug|Any CPU
		{661470E0-6BFE-4293-A056-D195C8EC4A3D}.Release|Any CPU.ActiveCfg = Release|Any CPU
		{661470E0-6BFE-4293-A056-D195C8EC4A3D}.Release|Any CPU.Build.0 = Release|Any CPU
		{661470E0-6BFE-4293-A056-D195C8EC4A3D}.Release|Mixed Platforms.ActiveCfg = Release|Any CPU
		{661470E0-6BFE-4293-A056-D195C8EC4A3D}.Release|Mixed Platforms.Build.0 = Release|Any CPU
		{661470E0-6BFE-4293-A056-D195C8EC4A3D}.Release|Win32.ActiveCfg = Release|Any CPU
		{661470E0-6BFE-4293-A056-D195C8EC4A3D}.Release|x64.ActiveCfg = Release|Any CPU
		{661470E0-6BFE-4293-A056-D195C8EC4A3D}.Release|x86.ActiveCfg = Release|Any CPU
	EndGlobalSection
	GlobalSection(SolutionProperties) = preSolution
		HideSolutionNode = FALSE
	EndGlobalSection
EndGlobal
